
Microsoft Visual Studio Solution File, Format Version 12.00
# Visual Studio 2012
Project("{FAE04EC0-301F-11D3-BF4B-00C04F79EFBC}") = "AutoSync", "AutoSync.csproj", "{53E52908-A4EA-4FB4-A329-1ACF97CFB306}"
EndProject
Global
	GlobalSection(SolutionConfigurationPlatforms) = preSolution
		Debug|Any CPU = Debug|Any CPU
		Release|Any CPU = Release|Any CPU
	EndGlobalSection
	GlobalSection(ProjectConfigurationPlatforms) = postSolution
		{53E52908-A4EA-4FB4-A329-1ACF97CFB306}.Debug|Any CPU.ActiveCfg = Debug|Any CPU
		{53E52908-A4EA-4FB4-A329-1ACF97CFB306}.Debug|Any CPU.Build.0 = Debug|Any CPU
		{53E52908-A4EA-4FB4-A329-1ACF97CFB306}.Release|Any CPU.ActiveCfg = Release|Any CPU
		{53E52908-A4EA-4FB4-A329-1ACF97CFB306}.Release|Any CPU.Build.0 = Release|Any CPU
	EndGlobalSection
	GlobalSection(SolutionProperties) = preSolution
		HideSolutionNode = FALSE
	EndGlobalSection
EndGlobal
